// !$*UTF8*$!
{
	archiveVersion = 1;
	classes = {
	};
	objectVersion = 55;
	objects = {

/* Begin PBXBuildFile section */
		9B834CD62863288600DF4C87 /* 10871.cpp in Sources */ = {isa = PBXBuildFile; fileRef = 9B834CD42863288600DF4C87 /* 10871.cpp */; };
		9B834CDC286328D900DF4C87 /* 1000.cpp in Sources */ = {isa = PBXBuildFile; fileRef = 9B834CDA286328D900DF4C87 /* 1000.cpp */; };
		9B834CDF2863358600DF4C87 /* 2557.cpp in Sources */ = {isa = PBXBuildFile; fileRef = 9B834CDD2863358600DF4C87 /* 2557.cpp */; };
		9B834CE22863365700DF4C87 /* 10171.cpp in Sources */ = {isa = PBXBuildFile; fileRef = 9B834CE02863365700DF4C87 /* 10171.cpp */; };
		9B834CE5286337B200DF4C87 /* 10869.cpp in Sources */ = {isa = PBXBuildFile; fileRef = 9B834CE3286337B200DF4C87 /* 10869.cpp */; };
		9B834CE82863395300DF4C87 /* 9498.cpp in Sources */ = {isa = PBXBuildFile; fileRef = 9B834CE62863395300DF4C87 /* 9498.cpp */; };
		9B834CEB28633EAE00DF4C87 /* 2752.cpp in Sources */ = {isa = PBXBuildFile; fileRef = 9B834CE928633EAE00DF4C87 /* 2752.cpp */; };
		9B834CEE2863404800DF4C87 /* 2753.cpp in Sources */ = {isa = PBXBuildFile; fileRef = 9B834CEC2863404800DF4C87 /* 2753.cpp */; };
		9B834CF12863431000DF4C87 /* 2480.cpp in Sources */ = {isa = PBXBuildFile; fileRef = 9B834CEF2863431000DF4C87 /* 2480.cpp */; };
		9B834CF42863481B00DF4C87 /* 2490.cpp in Sources */ = {isa = PBXBuildFile; fileRef = 9B834CF22863481B00DF4C87 /* 2490.cpp */; };
		9B834CF7286349F400DF4C87 /* 2576.cpp in Sources */ = {isa = PBXBuildFile; fileRef = 9B834CF5286349F400DF4C87 /* 2576.cpp */; };
		9B834CFA28634D2100DF4C87 /* 2587.cpp in Sources */ = {isa = PBXBuildFile; fileRef = 9B834CF828634D2100DF4C87 /* 2587.cpp */; };
		9B834CFD2863519D00DF4C87 /* 2309.cpp in Sources */ = {isa = PBXBuildFile; fileRef = 9B834CFB2863519D00DF4C87 /* 2309.cpp */; };
		9B834D002863550C00DF4C87 /* 10093_fail.cpp in Sources */ = {isa = PBXBuildFile; fileRef = 9B834CFE2863550C00DF4C87 /* 10093_fail.cpp */; };
/* End PBXBuildFile section */

/* Begin PBXCopyFilesBuildPhase section */
		9B834CC8286327E800DF4C87 /* CopyFiles */ = {
			isa = PBXCopyFilesBuildPhase;
			buildActionMask = 2147483647;
			dstPath = /usr/share/man/man1/;
			dstSubfolderSpec = 0;
			files = (
			);
			runOnlyForDeploymentPostprocessing = 1;
		};
/* End PBXCopyFilesBuildPhase section */

/* Begin PBXFileReference section */
		9B834CCA286327E800DF4C87 /* Baekjoon */ = {isa = PBXFileReference; explicitFileType = "compiled.mach-o.executable"; includeInIndex = 0; path = Baekjoon; sourceTree = BUILT_PRODUCTS_DIR; };
		9B834CD42863288600DF4C87 /* 10871.cpp */ = {isa = PBXFileReference; lastKnownFileType = sourcecode.cpp.cpp; path = 10871.cpp; sourceTree = "<group>"; };
		9B834CDA286328D900DF4C87 /* 1000.cpp */ = {isa = PBXFileReference; lastKnownFileType = sourcecode.cpp.cpp; name = 1000.cpp; path = Baekjoon/1000.cpp; sourceTree = "<group>"; };
		9B834CDD2863358600DF4C87 /* 2557.cpp */ = {isa = PBXFileReference; lastKnownFileType = sourcecode.cpp.cpp; path = 2557.cpp; sourceTree = "<group>"; };
		9B834CE02863365700DF4C87 /* 10171.cpp */ = {isa = PBXFileReference; lastKnownFileType = sourcecode.cpp.cpp; path = 10171.cpp; sourceTree = "<group>"; };
		9B834CE3286337B200DF4C87 /* 10869.cpp */ = {isa = PBXFileReference; lastKnownFileType = sourcecode.cpp.cpp; path = 10869.cpp; sourceTree = "<group>"; };
		9B834CE62863395300DF4C87 /* 9498.cpp */ = {isa = PBXFileReference; lastKnownFileType = sourcecode.cpp.cpp; path = 9498.cpp; sourceTree = "<group>"; };
		9B834CE928633EAE00DF4C87 /* 2752.cpp */ = {isa = PBXFileReference; lastKnownFileType = sourcecode.cpp.cpp; path = 2752.cpp; sourceTree = "<group>"; };
		9B834CEC2863404800DF4C87 /* 2753.cpp */ = {isa = PBXFileReference; lastKnownFileType = sourcecode.cpp.cpp; path = 2753.cpp; sourceTree = "<group>"; };
		9B834CEF2863431000DF4C87 /* 2480.cpp */ = {isa = PBXFileReference; lastKnownFileType = sourcecode.cpp.cpp; path = 2480.cpp; sourceTree = "<group>"; };
		9B834CF22863481B00DF4C87 /* 2490.cpp */ = {isa = PBXFileReference; lastKnownFileType = sourcecode.cpp.cpp; path = 2490.cpp; sourceTree = "<group>"; };
		9B834CF5286349F400DF4C87 /* 2576.cpp */ = {isa = PBXFileReference; lastKnownFileType = sourcecode.cpp.cpp; path = 2576.cpp; sourceTree = "<group>"; };
		9B834CF828634D2100DF4C87 /* 2587.cpp */ = {isa = PBXFileReference; lastKnownFileType = sourcecode.cpp.cpp; path = 2587.cpp; sourceTree = "<group>"; };
		9B834CFB2863519D00DF4C87 /* 2309.cpp */ = {isa = PBXFileReference; lastKnownFileType = sourcecode.cpp.cpp; path = 2309.cpp; sourceTree = "<group>"; };
		9B834CFE2863550C00DF4C87 /* 10093_fail.cpp */ = {isa = PBXFileReference; lastKnownFileType = sourcecode.cpp.cpp; path = 10093_fail.cpp; sourceTree = "<group>"; };
/* End PBXFileReference section */

/* Begin PBXFrameworksBuildPhase section */
		9B834CC7286327E800DF4C87 /* Frameworks */ = {
			isa = PBXFrameworksBuildPhase;
			buildActionMask = 2147483647;
			files = (
			);
			runOnlyForDeploymentPostprocessing = 0;
		};
/* End PBXFrameworksBuildPhase section */

/* Begin PBXGroup section */
		9B834CC1286327E800DF4C87 = {
			isa = PBXGroup;
			children = (
				9B834CE928633EAE00DF4C87 /* 2752.cpp */,
				9B834CEC2863404800DF4C87 /* 2753.cpp */,
				9B834CF828634D2100DF4C87 /* 2587.cpp */,
				9B834CEF2863431000DF4C87 /* 2480.cpp */,
				9B834CE02863365700DF4C87 /* 10171.cpp */,
				9B834CE3286337B200DF4C87 /* 10869.cpp */,
				9B834CF22863481B00DF4C87 /* 2490.cpp */,
				9B834CDD2863358600DF4C87 /* 2557.cpp */,
				9B834CF5286349F400DF4C87 /* 2576.cpp */,
				9B834CFE2863550C00DF4C87 /* 10093_fail.cpp */,
				9B834CFB2863519D00DF4C87 /* 2309.cpp */,
				9B834CDA286328D900DF4C87 /* 1000.cpp */,
				9B834CE62863395300DF4C87 /* 9498.cpp */,
				9B834CCC286327E800DF4C87 /* Baekjoon */,
				9B834CCB286327E800DF4C87 /* Products */,
			);
			sourceTree = "<group>";
		};
		9B834CCB286327E800DF4C87 /* Products */ = {
			isa = PBXGroup;
			children = (
				9B834CCA286327E800DF4C87 /* Baekjoon */,
			);
			name = Products;
			sourceTree = "<group>";
		};
		9B834CCC286327E800DF4C87 /* Baekjoon */ = {
			isa = PBXGroup;
			children = (
				9B834CD42863288600DF4C87 /* 10871.cpp */,
			);
			path = Baekjoon;
			sourceTree = "<group>";
		};
/* End PBXGroup section */

/* Begin PBXNativeTarget section */
		9B834CC9286327E800DF4C87 /* Baekjoon */ = {
			isa = PBXNativeTarget;
			buildConfigurationList = 9B834CD1286327E800DF4C87 /* Build configuration list for PBXNativeTarget "Baekjoon" */;
			buildPhases = (
				9B834CC6286327E800DF4C87 /* Sources */,
				9B834CC7286327E800DF4C87 /* Frameworks */,
				9B834CC8286327E800DF4C87 /* CopyFiles */,
			);
			buildRules = (
			);
			dependencies = (
			);
			name = Baekjoon;
			productName = Baekjoon;
			productReference = 9B834CCA286327E800DF4C87 /* Baekjoon */;
			productType = "com.apple.product-type.tool";
		};
/* End PBXNativeTarget section */

/* Begin PBXProject section */
		9B834CC2286327E800DF4C87 /* Project object */ = {
			isa = PBXProject;
			attributes = {
				BuildIndependentTargetsInParallel = 1;
				LastUpgradeCheck = 1340;
				TargetAttributes = {
					9B834CC9286327E800DF4C87 = {
						CreatedOnToolsVersion = 13.4;
					};
				};
			};
			buildConfigurationList = 9B834CC5286327E800DF4C87 /* Build configuration list for PBXProject "Baekjoon" */;
			compatibilityVersion = "Xcode 13.0";
			developmentRegion = en;
			hasScannedForEncodings = 0;
			knownRegions = (
				en,
				Base,
			);
			mainGroup = 9B834CC1286327E800DF4C87;
			productRefGroup = 9B834CCB286327E800DF4C87 /* Products */;
			projectDirPath = "";
			projectRoot = "";
			targets = (
				9B834CC9286327E800DF4C87 /* Baekjoon */,
			);
		};
/* End PBXProject section */

/* Begin PBXSourcesBuildPhase section */
		9B834CC6286327E800DF4C87 /* Sources */ = {
			isa = PBXSourcesBuildPhase;
			buildActionMask = 2147483647;
			files = (
				9B834CF7286349F400DF4C87 /* 2576.cpp in Sources */,
				9B834CF12863431000DF4C87 /* 2480.cpp in Sources */,
				9B834CE22863365700DF4C87 /* 10171.cpp in Sources */,
				9B834CFA28634D2100DF4C87 /* 2587.cpp in Sources */,
				9B834CE5286337B200DF4C87 /* 10869.cpp in Sources */,
				9B834CEE2863404800DF4C87 /* 2753.cpp in Sources */,
				9B834CF42863481B00DF4C87 /* 2490.cpp in Sources */,
				9B834CDF2863358600DF4C87 /* 2557.cpp in Sources */,
				9B834CE82863395300DF4C87 /* 9498.cpp in Sources */,
				9B834CDC286328D900DF4C87 /* 1000.cpp in Sources */,
				9B834CEB28633EAE00DF4C87 /* 2752.cpp in Sources */,
				9B834CFD2863519D00DF4C87 /* 2309.cpp in Sources */,
				9B834CD62863288600DF4C87 /* 10871.cpp in Sources */,
				9B834D002863550C00DF4C87 /* 10093_fail.cpp in Sources */,
			);
			runOnlyForDeploymentPostprocessing = 0;
		};
/* End PBXSourcesBuildPhase section */

/* Begin XCBuildConfiguration section */
		9B834CCF286327E800DF4C87 /* Debug */ = {
			isa = XCBuildConfiguration;
			buildSettings = {
				ALWAYS_SEARCH_USER_PATHS = NO;
				CLANG_ANALYZER_NONNULL = YES;
				CLANG_ANALYZER_NUMBER_OBJECT_CONVERSION = YES_AGGRESSIVE;
				CLANG_CXX_LANGUAGE_STANDARD = "gnu++17";
				CLANG_ENABLE_MODULES = YES;
				CLANG_ENABLE_OBJC_ARC = YES;
				CLANG_ENABLE_OBJC_WEAK = YES;
				CLANG_WARN_BLOCK_CAPTURE_AUTORELEASING = YES;
				CLANG_WARN_BOOL_CONVERSION = YES;
				CLANG_WARN_COMMA = YES;
				CLANG_WARN_CONSTANT_CONVERSION = YES;
				CLANG_WARN_DEPRECATED_OBJC_IMPLEMENTATIONS = YES;
				CLANG_WARN_DIRECT_OBJC_ISA_USAGE = YES_ERROR;
				CLANG_WARN_DOCUMENTATION_COMMENTS = YES;
				CLANG_WARN_EMPTY_BODY = YES;
				CLANG_WARN_ENUM_CONVERSION = YES;
				CLANG_WARN_INFINITE_RECURSION = YES;
				CLANG_WARN_INT_CONVERSION = YES;
				CLANG_WARN_NON_LITERAL_NULL_CONVERSION = YES;
				CLANG_WARN_OBJC_IMPLICIT_RETAIN_SELF = YES;
				CLANG_WARN_OBJC_LITERAL_CONVERSION = YES;
				CLANG_WARN_OBJC_ROOT_CLASS = YES_ERROR;
				CLANG_WARN_QUOTED_INCLUDE_IN_FRAMEWORK_HEADER = YES;
				CLANG_WARN_RANGE_LOOP_ANALYSIS = YES;
				CLANG_WARN_STRICT_PROTOTYPES = YES;
				CLANG_WARN_SUSPICIOUS_MOVE = YES;
				CLANG_WARN_UNGUARDED_AVAILABILITY = YES_AGGRESSIVE;
				CLANG_WARN_UNREACHABLE_CODE = YES;
				CLANG_WARN__DUPLICATE_METHOD_MATCH = YES;
				COPY_PHASE_STRIP = NO;
				DEBUG_INFORMATION_FORMAT = dwarf;
				ENABLE_STRICT_OBJC_MSGSEND = YES;
				ENABLE_TESTABILITY = YES;
				GCC_C_LANGUAGE_STANDARD = gnu11;
				GCC_DYNAMIC_NO_PIC = NO;
				GCC_NO_COMMON_BLOCKS = YES;
				GCC_OPTIMIZATION_LEVEL = 0;
				GCC_PREPROCESSOR_DEFINITIONS = (
					"DEBUG=1",
					"$(inherited)",
				);
				GCC_WARN_64_TO_32_BIT_CONVERSION = YES;
				GCC_WARN_ABOUT_RETURN_TYPE = YES_ERROR;
				GCC_WARN_UNDECLARED_SELECTOR = YES;
				GCC_WARN_UNINITIALIZED_AUTOS = YES_AGGRESSIVE;
				GCC_WARN_UNUSED_FUNCTION = YES;
				GCC_WARN_UNUSED_VARIABLE = YES;
				MACOSX_DEPLOYMENT_TARGET = 12.3;
				MTL_ENABLE_DEBUG_INFO = INCLUDE_SOURCE;
				MTL_FAST_MATH = YES;
				ONLY_ACTIVE_ARCH = YES;
				SDKROOT = macosx;
			};
			name = Debug;
		};
		9B834CD0286327E800DF4C87 /* Release */ = {
			isa = XCBuildConfiguration;
			buildSettings = {
				ALWAYS_SEARCH_USER_PATHS = NO;
				CLANG_ANALYZER_NONNULL = YES;
				CLANG_ANALYZER_NUMBER_OBJECT_CONVERSION = YES_AGGRESSIVE;
				CLANG_CXX_LANGUAGE_STANDARD = "gnu++17";
				CLANG_ENABLE_MODULES = YES;
				CLANG_ENABLE_OBJC_ARC = YES;
				CLANG_ENABLE_OBJC_WEAK = YES;
				CLANG_WARN_BLOCK_CAPTURE_AUTORELEASING = YES;
				CLANG_WARN_BOOL_CONVERSION = YES;
				CLANG_WARN_COMMA = YES;
				CLANG_WARN_CONSTANT_CONVERSION = YES;
				CLANG_WARN_DEPRECATED_OBJC_IMPLEMENTATIONS = YES;
				CLANG_WARN_DIRECT_OBJC_ISA_USAGE = YES_ERROR;
				CLANG_WARN_DOCUMENTATION_COMMENTS = YES;
				CLANG_WARN_EMPTY_BODY = YES;
				CLANG_WARN_ENUM_CONVERSION = YES;
				CLANG_WARN_INFINITE_RECURSION = YES;
				CLANG_WARN_INT_CONVERSION = YES;
				CLANG_WARN_NON_LITERAL_NULL_CONVERSION = YES;
				CLANG_WARN_OBJC_IMPLICIT_RETAIN_SELF = YES;
				CLANG_WARN_OBJC_LITERAL_CONVERSION = YES;
				CLANG_WARN_OBJC_ROOT_CLASS = YES_ERROR;
				CLANG_WARN_QUOTED_INCLUDE_IN_FRAMEWORK_HEADER = YES;
				CLANG_WARN_RANGE_LOOP_ANALYSIS = YES;
				CLANG_WARN_STRICT_PROTOTYPES = YES;
				CLANG_WARN_SUSPICIOUS_MOVE = YES;
				CLANG_WARN_UNGUARDED_AVAILABILITY = YES_AGGRESSIVE;
				CLANG_WARN_UNREACHABLE_CODE = YES;
				CLANG_WARN__DUPLICATE_METHOD_MATCH = YES;
				COPY_PHASE_STRIP = NO;
				DEBUG_INFORMATION_FORMAT = "dwarf-with-dsym";
				ENABLE_NS_ASSERTIONS = NO;
				ENABLE_STRICT_OBJC_MSGSEND = YES;
				GCC_C_LANGUAGE_STANDARD = gnu11;
				GCC_NO_COMMON_BLOCKS = YES;
				GCC_WARN_64_TO_32_BIT_CONVERSION = YES;
				GCC_WARN_ABOUT_RETURN_TYPE = YES_ERROR;
				GCC_WARN_UNDECLARED_SELECTOR = YES;
				GCC_WARN_UNINITIALIZED_AUTOS = YES_AGGRESSIVE;
				GCC_WARN_UNUSED_FUNCTION = YES;
				GCC_WARN_UNUSED_VARIABLE = YES;
				MACOSX_DEPLOYMENT_TARGET = 12.3;
				MTL_ENABLE_DEBUG_INFO = NO;
				MTL_FAST_MATH = YES;
				SDKROOT = macosx;
			};
			name = Release;
		};
		9B834CD2286327E800DF4C87 /* Debug */ = {
			isa = XCBuildConfiguration;
			buildSettings = {
				CODE_SIGN_STYLE = Automatic;
				PRODUCT_NAME = "$(TARGET_NAME)";
			};
			name = Debug;
		};
		9B834CD3286327E800DF4C87 /* Release */ = {
			isa = XCBuildConfiguration;
			buildSettings = {
				CODE_SIGN_STYLE = Automatic;
				PRODUCT_NAME = "$(TARGET_NAME)";
			};
			name = Release;
		};
/* End XCBuildConfiguration section */

/* Begin XCConfigurationList section */
		9B834CC5286327E800DF4C87 /* Build configuration list for PBXProject "Baekjoon" */ = {
			isa = XCConfigurationList;
			buildConfigurations = (
				9B834CCF286327E800DF4C87 /* Debug */,
				9B834CD0286327E800DF4C87 /* Release */,
			);
			defaultConfigurationIsVisible = 0;
			defaultConfigurationName = Release;
		};
		9B834CD1286327E800DF4C87 /* Build configuration list for PBXNativeTarget "Baekjoon" */ = {
			isa = XCConfigurationList;
			buildConfigurations = (
				9B834CD2286327E800DF4C87 /* Debug */,
				9B834CD3286327E800DF4C87 /* Release */,
			);
			defaultConfigurationIsVisible = 0;
			defaultConfigurationName = Release;
		};
/* End XCConfigurationList section */
	};
	rootObject = 9B834CC2286327E800DF4C87 /* Project object */;
}
